{
    "_readme": [
        "This file locks the dependencies of your project to a known state",
        "Read more about it at https://getcomposer.org/doc/01-basic-usage.md#installing-dependencies",
        "This file is @generated automatically"
    ],
    "content-hash": "564497619fb6484e5399255254e81562",
    "packages": [
        {
            "name": "alroniks/yamb",
            "version": "dev-master",
            "dist": {
                "type": "path",
                "url": "../../../../../mspay/modx-package-builder",
                "reference": "6af9a96b879580f8bc0c67b788001b38926643a7"
            },
            "require": {
                "php": ">=7.2",
                "symfony/console": "^5.2@dev"
            },
            "require-dev": {
                "roave/security-advisories": "dev-master"
            },
            "bin": [
                "bin/yamb"
            ],
            "type": "library",
            "autoload": {
                "psr-4": {
                    "Yamb\\": "src"
                }
            },
            "license": [
                "MIT"
            ],
            "authors": [
                {
                    "name": "Ivan Klimchuk",
                    "email": "ivan@klimchuk.com"
                }
            ],
            "description": "Collection of tools for building MODX packages"
        },
        {
            "name": "nette/finder",
            "version": "dev-master",
            "source": {
                "type": "git",
                "url": "https://github.com/nette/finder.git",
                "reference": "4809cdeb7afa8f81e82238f6b3c218baaa5246ec"
            },
            "dist": {
                "type": "zip",
                "url": "https://api.github.com/repos/nette/finder/zipball/4809cdeb7afa8f81e82238f6b3c218baaa5246ec",
                "reference": "4809cdeb7afa8f81e82238f6b3c218baaa5246ec",
                "shasum": ""
            },
            "require": {
                "nette/utils": "^3.0",
                "php": ">=7.1"
            },
            "require-dev": {
                "nette/tester": "^2.2",
                "phpstan/phpstan": "^0.12",
                "tracy/tracy": "^2.6"
            },
            "type": "library",
            "extra": {
                "branch-alias": {
                    "dev-master": "3.0-dev"
                }
            },
            "autoload": {
                "classmap": [
                    "src/"
                ]
            },
            "notification-url": "https://packagist.org/downloads/",
            "license": [
                "BSD-3-Clause",
                "GPL-2.0-only",
                "GPL-3.0-only"
            ],
            "authors": [
                {
                    "name": "David Grudl",
                    "homepage": "https://davidgrudl.com"
                },
                {
                    "name": "Nette Community",
                    "homepage": "https://nette.org/contributors"
                }
            ],
            "description": "🔍 Nette Finder: find files and directories with an intuitive API.",
            "homepage": "https://nette.org",
            "keywords": [
                "filesystem",
                "glob",
                "iterator",
                "nette"
            ],
            "time": "2020-05-11T22:56:08+00:00"
        },
        {
            "name": "nette/php-generator",
            "version": "dev-master",
            "source": {
                "type": "git",
                "url": "https://github.com/nette/php-generator.git",
                "reference": "c96e2470fe1df0713440f79bc9f4812c2f9ad9ae"
            },
            "dist": {
                "type": "zip",
                "url": "https://api.github.com/repos/nette/php-generator/zipball/c96e2470fe1df0713440f79bc9f4812c2f9ad9ae",
                "reference": "c96e2470fe1df0713440f79bc9f4812c2f9ad9ae",
                "shasum": ""
            },
            "require": {
                "ext-tokenizer": "*",
                "nette/utils": "^3.1.2",
                "php": ">=7.1"
            },
            "require-dev": {
                "nette/tester": "^2.0",
                "nikic/php-parser": "^4.4",
                "phpstan/phpstan": "^0.12",
                "tracy/tracy": "^2.3"
            },
            "suggest": {
                "nikic/php-parser": "to use ClassType::withBodiesFrom() & GlobalFunction::withBodyFrom()"
            },
            "type": "library",
            "extra": {
                "branch-alias": {
                    "dev-master": "3.4-dev"
                }
            },
            "autoload": {
                "classmap": [
                    "src/"
                ]
            },
            "notification-url": "https://packagist.org/downloads/",
            "license": [
                "BSD-3-Clause",
                "GPL-2.0-only",
                "GPL-3.0-only"
            ],
            "authors": [
                {
                    "name": "David Grudl",
                    "homepage": "https://davidgrudl.com"
                },
                {
                    "name": "Nette Community",
                    "homepage": "https://nette.org/contributors"
                }
            ],
            "description": "🐘 Nette PHP Generator: generates neat PHP code for you. Supports new PHP 7.4 features.",
            "homepage": "https://nette.org",
            "keywords": [
                "code",
                "nette",
                "php",
                "scaffolding"
            ],
            "time": "2020-06-08T13:48:24+00:00"
        },
        {
            "name": "nette/utils",
            "version": "dev-master",
            "source": {
                "type": "git",
                "url": "https://github.com/nette/utils.git",
                "reference": "b85c249542f76313678ab9a8ec77ecffeb1d25aa"
            },
            "dist": {
                "type": "zip",
                "url": "https://api.github.com/repos/nette/utils/zipball/b85c249542f76313678ab9a8ec77ecffeb1d25aa",
                "reference": "b85c249542f76313678ab9a8ec77ecffeb1d25aa",
                "shasum": ""
            },
            "require": {
                "php": ">=7.1"
            },
            "require-dev": {
                "nette/tester": "~2.0",
                "phpstan/phpstan": "^0.12",
                "tracy/tracy": "^2.3"
            },
            "suggest": {
                "ext-gd": "to use Image",
                "ext-iconv": "to use Strings::webalize(), toAscii(), chr() and reverse()",
                "ext-intl": "to use Strings::webalize(), toAscii(), normalize() and compare()",
                "ext-json": "to use Nette\\Utils\\Json",
                "ext-mbstring": "to use Strings::lower() etc...",
                "ext-tokenizer": "to use Nette\\Utils\\Reflection::getUseStatements()",
                "ext-xml": "to use Strings::length() etc. when mbstring is not available"
            },
            "type": "library",
            "extra": {
                "branch-alias": {
                    "dev-master": "3.1-dev"
                }
            },
            "autoload": {
                "classmap": [
                    "src/"
                ]
            },
            "notification-url": "https://packagist.org/downloads/",
            "license": [
                "BSD-3-Clause",
                "GPL-2.0-only",
                "GPL-3.0-only"
            ],
            "authors": [
                {
                    "name": "David Grudl",
                    "homepage": "https://davidgrudl.com"
                },
                {
                    "name": "Nette Community",
                    "homepage": "https://nette.org/contributors"
                }
            ],
            "description": "🛠 Nette Utils: lightweight utilities for string & array manipulation, image handling, safe JSON encoding/decoding, validation, slug or strong password generating etc.",
            "homepage": "https://nette.org",
            "keywords": [
                "array",
                "core",
                "datetime",
                "images",
                "json",
                "nette",
                "paginator",
                "password",
                "slugify",
                "string",
                "unicode",
                "utf-8",
                "utility",
                "validation"
            ],
            "time": "2020-06-09T15:04:58+00:00"
        },
        {
            "name": "psr/container",
            "version": "dev-master",
            "source": {
                "type": "git",
                "url": "https://github.com/php-fig/container.git",
                "reference": "fc1bc363ecf887921e3897c7b1dad3587ae154eb"
            },
            "dist": {
                "type": "zip",
                "url": "https://api.github.com/repos/php-fig/container/zipball/fc1bc363ecf887921e3897c7b1dad3587ae154eb",
                "reference": "fc1bc363ecf887921e3897c7b1dad3587ae154eb",
                "shasum": ""
            },
            "require": {
                "php": ">=5.3.0"
            },
            "type": "library",
            "extra": {
                "branch-alias": {
                    "dev-master": "1.0.x-dev"
                }
            },
            "autoload": {
                "psr-4": {
                    "Psr\\Container\\": "src/"
                }
            },
            "notification-url": "https://packagist.org/downloads/",
            "license": [
                "MIT"
            ],
            "authors": [
                {
                    "name": "PHP-FIG",
                    "homepage": "http://www.php-fig.org/"
                }
            ],
            "description": "Common Container Interface (PHP FIG PSR-11)",
            "homepage": "https://github.com/php-fig/container",
            "keywords": [
                "PSR-11",
                "container",
                "container-interface",
                "container-interop",
                "psr"
            ],
            "time": "2019-10-04T14:07:35+00:00"
        },
        {
            "name": "symfony/console",
            "version": "dev-master",
            "source": {
                "type": "git",
                "url": "https://github.com/symfony/console.git",
                "reference": "e24bcf393a49c47f273baf92841788e13f314514"
            },
            "dist": {
                "type": "zip",
                "url": "https://api.github.com/repos/symfony/console/zipball/e24bcf393a49c47f273baf92841788e13f314514",
                "reference": "e24bcf393a49c47f273baf92841788e13f314514",
                "shasum": ""
            },
            "require": {
                "php": ">=7.2.5",
                "symfony/polyfill-mbstring": "~1.0",
                "symfony/polyfill-php73": "^1.8",
                "symfony/polyfill-php80": "^1.15",
                "symfony/service-contracts": "^1.1|^2",
                "symfony/string": "^5.1"
            },
            "conflict": {
                "symfony/dependency-injection": "<4.4",
                "symfony/dotenv": "<5.1",
                "symfony/event-dispatcher": "<4.4",
                "symfony/lock": "<4.4",
                "symfony/process": "<4.4"
            },
            "provide": {
                "psr/log-implementation": "1.0"
            },
            "require-dev": {
                "psr/log": "~1.0",
                "symfony/config": "^4.4|^5.0",
                "symfony/dependency-injection": "^4.4|^5.0",
                "symfony/event-dispatcher": "^4.4|^5.0",
                "symfony/lock": "^4.4|^5.0",
                "symfony/process": "^4.4|^5.0",
                "symfony/var-dumper": "^4.4|^5.0"
            },
            "suggest": {
                "psr/log": "For using the console logger",
                "symfony/event-dispatcher": "",
                "symfony/lock": "",
                "symfony/process": ""
            },
            "type": "library",
            "extra": {
                "branch-alias": {
                    "dev-master": "5.2-dev"
                }
            },
            "autoload": {
                "psr-4": {
                    "Symfony\\Component\\Console\\": ""
                },
                "exclude-from-classmap": [
                    "/Tests/"
                ]
            },
            "notification-url": "https://packagist.org/downloads/",
            "license": [
                "MIT"
            ],
            "authors": [
                {
                    "name": "Fabien Potencier",
                    "email": "fabien@symfony.com"
                },
                {
                    "name": "Symfony Community",
                    "homepage": "https://symfony.com/contributors"
                }
            ],
            "description": "Symfony Console Component",
            "homepage": "https://symfony.com",
            "time": "2020-06-10T02:55:06+00:00"
        },
        {
            "name": "symfony/polyfill-ctype",
            "version": "dev-master",
            "source": {
                "type": "git",
                "url": "https://github.com/symfony/polyfill-ctype.git",
                "reference": "e94c8b1bbe2bc77507a1056cdb06451c75b427f9"
            },
            "dist": {
                "type": "zip",
                "url": "https://api.github.com/repos/symfony/polyfill-ctype/zipball/e94c8b1bbe2bc77507a1056cdb06451c75b427f9",
                "reference": "e94c8b1bbe2bc77507a1056cdb06451c75b427f9",
                "shasum": ""
            },
            "require": {
                "php": ">=5.3.3"
            },
            "suggest": {
                "ext-ctype": "For best performance"
            },
            "type": "library",
            "extra": {
                "branch-alias": {
                    "dev-master": "1.17-dev"
                }
            },
            "autoload": {
                "psr-4": {
                    "Symfony\\Polyfill\\Ctype\\": ""
                },
                "files": [
                    "bootstrap.php"
                ]
            },
            "notification-url": "https://packagist.org/downloads/",
            "license": [
                "MIT"
            ],
            "authors": [
                {
                    "name": "Gert de Pagter",
                    "email": "BackEndTea@gmail.com"
                },
                {
                    "name": "Symfony Community",
                    "homepage": "https://symfony.com/contributors"
                }
            ],
            "description": "Symfony polyfill for ctype functions",
            "homepage": "https://symfony.com",
            "keywords": [
                "compatibility",
                "ctype",
                "polyfill",
                "portable"
            ],
            "time": "2020-05-12T16:14:59+00:00"
        },
        {
            "name": "symfony/polyfill-intl-grapheme",
            "version": "dev-master",
            "source": {
                "type": "git",
                "url": "https://github.com/symfony/polyfill-intl-grapheme.git",
                "reference": "e094b0770f7833fdf257e6ba4775be4e258230b2"
            },
            "dist": {
                "type": "zip",
                "url": "https://api.github.com/repos/symfony/polyfill-intl-grapheme/zipball/e094b0770f7833fdf257e6ba4775be4e258230b2",
                "reference": "e094b0770f7833fdf257e6ba4775be4e258230b2",
                "shasum": ""
            },
            "require": {
                "php": ">=5.3.3"
            },
            "suggest": {
                "ext-intl": "For best performance"
            },
            "type": "library",
            "extra": {
                "branch-alias": {
                    "dev-master": "1.17-dev"
                }
            },
            "autoload": {
                "psr-4": {
                    "Symfony\\Polyfill\\Intl\\Grapheme\\": ""
                },
                "files": [
                    "bootstrap.php"
                ]
            },
            "notification-url": "https://packagist.org/downloads/",
            "license": [
                "MIT"
            ],
            "authors": [
                {
                    "name": "Nicolas Grekas",
                    "email": "p@tchwork.com"
                },
                {
                    "name": "Symfony Community",
                    "homepage": "https://symfony.com/contributors"
                }
            ],
            "description": "Symfony polyfill for intl's grapheme_* functions",
            "homepage": "https://symfony.com",
            "keywords": [
                "compatibility",
                "grapheme",
                "intl",
                "polyfill",
                "portable",
                "shim"
            ],
            "time": "2020-05-12T16:47:27+00:00"
        },
        {
            "name": "symfony/polyfill-intl-normalizer",
            "version": "dev-master",
            "source": {
                "type": "git",
                "url": "https://github.com/symfony/polyfill-intl-normalizer.git",
                "reference": "8dd19dd0cb244eb14f620eedb529a923342276f9"
            },
            "dist": {
                "type": "zip",
                "url": "https://api.github.com/repos/symfony/polyfill-intl-normalizer/zipball/8dd19dd0cb244eb14f620eedb529a923342276f9",
                "reference": "8dd19dd0cb244eb14f620eedb529a923342276f9",
                "shasum": ""
            },
            "require": {
                "php": ">=5.3.3"
            },
            "suggest": {
                "ext-intl": "For best performance"
            },
            "type": "library",
            "extra": {
                "branch-alias": {
                    "dev-master": "1.17-dev"
                }
            },
            "autoload": {
                "psr-4": {
                    "Symfony\\Polyfill\\Intl\\Normalizer\\": ""
                },
                "files": [
                    "bootstrap.php"
                ],
                "classmap": [
                    "Resources/stubs"
                ]
            },
            "notification-url": "https://packagist.org/downloads/",
            "license": [
                "MIT"
            ],
            "authors": [
                {
                    "name": "Nicolas Grekas",
                    "email": "p@tchwork.com"
                },
                {
                    "name": "Symfony Community",
                    "homepage": "https://symfony.com/contributors"
                }
            ],
            "description": "Symfony polyfill for intl's Normalizer class and related functions",
            "homepage": "https://symfony.com",
            "keywords": [
                "compatibility",
                "intl",
                "normalizer",
                "polyfill",
                "portable",
                "shim"
            ],
            "time": "2020-06-04T17:06:46+00:00"
        },
        {
            "name": "symfony/polyfill-mbstring",
            "version": "dev-master",
            "source": {
                "type": "git",
                "url": "https://github.com/symfony/polyfill-mbstring.git",
                "reference": "3ed80deaf77c304010e3f637bc1842c85fd6c485"
            },
            "dist": {
                "type": "zip",
                "url": "https://api.github.com/repos/symfony/polyfill-mbstring/zipball/3ed80deaf77c304010e3f637bc1842c85fd6c485",
                "reference": "3ed80deaf77c304010e3f637bc1842c85fd6c485",
                "shasum": ""
            },
            "require": {
                "php": ">=5.3.3"
            },
            "suggest": {
                "ext-mbstring": "For best performance"
            },
            "type": "library",
            "extra": {
                "branch-alias": {
                    "dev-master": "1.17-dev"
                }
            },
            "autoload": {
                "psr-4": {
                    "Symfony\\Polyfill\\Mbstring\\": ""
                },
                "files": [
                    "bootstrap.php"
                ]
            },
            "notification-url": "https://packagist.org/downloads/",
            "license": [
                "MIT"
            ],
            "authors": [
                {
                    "name": "Nicolas Grekas",
                    "email": "p@tchwork.com"
                },
                {
                    "name": "Symfony Community",
                    "homepage": "https://symfony.com/contributors"
                }
            ],
            "description": "Symfony polyfill for the Mbstring extension",
            "homepage": "https://symfony.com",
            "keywords": [
                "compatibility",
                "mbstring",
                "polyfill",
                "portable",
                "shim"
            ],
            "time": "2020-06-04T17:06:46+00:00"
        },
        {
            "name": "symfony/polyfill-php73",
            "version": "dev-master",
            "source": {
                "type": "git",
                "url": "https://github.com/symfony/polyfill-php73.git",
                "reference": "a760d8964ff79ab9bf057613a5808284ec852ccc"
            },
            "dist": {
                "type": "zip",
                "url": "https://api.github.com/repos/symfony/polyfill-php73/zipball/a760d8964ff79ab9bf057613a5808284ec852ccc",
                "reference": "a760d8964ff79ab9bf057613a5808284ec852ccc",
                "shasum": ""
            },
            "require": {
                "php": ">=5.3.3"
            },
            "type": "library",
            "extra": {
                "branch-alias": {
                    "dev-master": "1.17-dev"
                }
            },
            "autoload": {
                "psr-4": {
                    "Symfony\\Polyfill\\Php73\\": ""
                },
                "files": [
                    "bootstrap.php"
                ],
                "classmap": [
                    "Resources/stubs"
                ]
            },
            "notification-url": "https://packagist.org/downloads/",
            "license": [
                "MIT"
            ],
            "authors": [
                {
                    "name": "Nicolas Grekas",
                    "email": "p@tchwork.com"
                },
                {
                    "name": "Symfony Community",
                    "homepage": "https://symfony.com/contributors"
                }
            ],
            "description": "Symfony polyfill backporting some PHP 7.3+ features to lower PHP versions",
            "homepage": "https://symfony.com",
            "keywords": [
                "compatibility",
                "polyfill",
                "portable",
                "shim"
            ],
            "time": "2020-05-12T16:47:27+00:00"
        },
        {
            "name": "symfony/polyfill-php80",
            "version": "dev-master",
            "source": {
                "type": "git",
                "url": "https://github.com/symfony/polyfill-php80.git",
                "reference": "5e30b2799bc1ad68f7feb62b60a73743589438dd"
            },
            "dist": {
                "type": "zip",
                "url": "https://api.github.com/repos/symfony/polyfill-php80/zipball/5e30b2799bc1ad68f7feb62b60a73743589438dd",
                "reference": "5e30b2799bc1ad68f7feb62b60a73743589438dd",
                "shasum": ""
            },
            "require": {
                "php": ">=7.0.8"
            },
            "type": "library",
            "extra": {
                "branch-alias": {
                    "dev-master": "1.17-dev"
                }
            },
            "autoload": {
                "psr-4": {
                    "Symfony\\Polyfill\\Php80\\": ""
                },
                "files": [
                    "bootstrap.php"
                ],
                "classmap": [
                    "Resources/stubs"
                ]
            },
            "notification-url": "https://packagist.org/downloads/",
            "license": [
                "MIT"
            ],
            "authors": [
                {
                    "name": "Ion Bazan",
                    "email": "ion.bazan@gmail.com"
                },
                {
                    "name": "Nicolas Grekas",
                    "email": "p@tchwork.com"
                },
                {
                    "name": "Symfony Community",
                    "homepage": "https://symfony.com/contributors"
                }
            ],
            "description": "Symfony polyfill backporting some PHP 8.0+ features to lower PHP versions",
            "homepage": "https://symfony.com",
            "keywords": [
                "compatibility",
                "polyfill",
                "portable",
                "shim"
            ],
            "time": "2020-05-12T16:47:27+00:00"
        },
        {
            "name": "symfony/service-contracts",
            "version": "dev-master",
            "source": {
                "type": "git",
                "url": "https://github.com/symfony/service-contracts.git",
                "reference": "e9a840fa4bad676ca39cb7fab4b1c29c91016887"
            },
            "dist": {
                "type": "zip",
                "url": "https://api.github.com/repos/symfony/service-contracts/zipball/e9a840fa4bad676ca39cb7fab4b1c29c91016887",
                "reference": "e9a840fa4bad676ca39cb7fab4b1c29c91016887",
                "shasum": ""
            },
            "require": {
                "php": ">=7.2.5",
                "psr/container": "^1.0"
            },
            "suggest": {
                "symfony/service-implementation": ""
            },
            "type": "library",
            "extra": {
                "branch-alias": {
                    "dev-master": "2.1-dev"
                },
                "thanks": {
                    "name": "symfony/contracts",
                    "url": "https://github.com/symfony/contracts"
                }
            },
            "autoload": {
                "psr-4": {
                    "Symfony\\Contracts\\Service\\": ""
                }
            },
            "notification-url": "https://packagist.org/downloads/",
            "license": [
                "MIT"
            ],
            "authors": [
                {
                    "name": "Nicolas Grekas",
                    "email": "p@tchwork.com"
                },
                {
                    "name": "Symfony Community",
                    "homepage": "https://symfony.com/contributors"
                }
            ],
            "description": "Generic abstractions related to writing services",
            "homepage": "https://symfony.com",
            "keywords": [
                "abstractions",
                "contracts",
                "decoupling",
                "interfaces",
                "interoperability",
                "standards"
            ],
            "time": "2020-06-06T08:49:21+00:00"
        },
        {
            "name": "symfony/string",
            "version": "dev-master",
            "source": {
                "type": "git",
                "url": "https://github.com/symfony/string.git",
                "reference": "14004ebbfa47ae53c5d06095385c12b80432a29e"
            },
            "dist": {
                "type": "zip",
                "url": "https://api.github.com/repos/symfony/string/zipball/14004ebbfa47ae53c5d06095385c12b80432a29e",
                "reference": "14004ebbfa47ae53c5d06095385c12b80432a29e",
                "shasum": ""
            },
            "require": {
                "php": ">=7.2.5",
                "symfony/polyfill-ctype": "~1.8",
                "symfony/polyfill-intl-grapheme": "~1.0",
                "symfony/polyfill-intl-normalizer": "~1.0",
                "symfony/polyfill-mbstring": "~1.0",
                "symfony/polyfill-php80": "~1.15"
            },
            "require-dev": {
                "symfony/error-handler": "^4.4|^5.0",
                "symfony/http-client": "^4.4|^5.0",
                "symfony/translation-contracts": "^1.1|^2",
                "symfony/var-exporter": "^4.4|^5.0"
            },
            "type": "library",
            "extra": {
                "branch-alias": {
                    "dev-master": "5.2-dev"
                }
            },
            "autoload": {
                "psr-4": {
                    "Symfony\\Component\\String\\": ""
                },
                "files": [
                    "Resources/functions.php"
                ],
                "exclude-from-classmap": [
                    "/Tests/"
                ]
            },
            "notification-url": "https://packagist.org/downloads/",
            "license": [
                "MIT"
            ],
            "authors": [
                {
                    "name": "Nicolas Grekas",
                    "email": "p@tchwork.com"
                },
                {
                    "name": "Symfony Community",
                    "homepage": "https://symfony.com/contributors"
                }
            ],
            "description": "Symfony String component",
            "homepage": "https://symfony.com",
            "keywords": [
                "grapheme",
                "i18n",
                "string",
                "unicode",
                "utf-8",
                "utf8"
            ],
            "time": "2020-05-28T07:59:23+00:00"
        }
    ],
    "packages-dev": [],
    "aliases": [],
    "minimum-stability": "dev",
    "stability-flags": {
        "alroniks/yamb": 20,
        "nette/finder": 20,
        "nette/php-generator": 20
    },
    "prefer-stable": false,
    "prefer-lowest": false,
    "platform": [],
    "platform-dev": []
}
